{
  "version": 4,
  "terraform_version": "1.6.4",
  "serial": 26,
  "lineage": "240b435c-e185-3d24-8369-5e530aeb2f9b",
  "outputs": {},
  "resources": [
    {
      "mode": "managed",
      "type": "aws_lightsail_instance",
      "name": "wordpress_instance",
      "provider": "provider[\"registry.terraform.io/hashicorp/aws\"]",
      "instances": [
        {
          "schema_version": 0,
          "attributes": {
            "add_on": [],
            "arn": "arn:aws:lightsail:us-east-1:078689321816:Instance/1c6a9240-09c4-40e6-8959-79b46ed03497",
            "availability_zone": "us-east-1a",
            "blueprint_id": "wordpress",
            "bundle_id": "nano_3_0",
            "cpu_count": 2,
            "created_at": "2024-02-11T00:49:46Z",
            "id": "WordPressInstanceTEST",
            "ip_address_type": "dualstack",
            "ipv6_addresses": [
              "2600:1f18:7217:aa00:6add:93ff:6955:982f"
            ],
            "is_static_ip": false,
            "key_pair_name": "LightsailDefaultKeyPair",
            "name": "WordPressInstanceTEST",
            "private_ip_address": "172.26.0.252",
            "public_ip_address": "54.224.245.76",
            "ram_size": 0.5,
            "tags": null,
            "tags_all": {},
            "user_data": null,
            "username": "bitnami"
          },
          "sensitive_attributes": [],
          "private": "bnVsbA=="
        }
      ]
    },
    {
      "mode": "managed",
      "type": "aws_lightsail_instance_public_ports",
      "name": "public_ports",
      "provider": "provider[\"registry.terraform.io/hashicorp/aws\"]",
      "instances": [
        {
          "schema_version": 0,
          "attributes": {
            "id": "WordPressInstanceTEST-1421794143",
            "instance_name": "WordPressInstanceTEST",
            "port_info": [
              {
                "cidr_list_aliases": [],
                "cidrs": [
                  "0.0.0.0/0"
                ],
                "from_port": 22,
                "ipv6_cidrs": [
                  "::/0"
                ],
                "protocol": "tcp",
                "to_port": 22
              },
              {
                "cidr_list_aliases": [],
                "cidrs": [
                  "0.0.0.0/0"
                ],
                "from_port": 443,
                "ipv6_cidrs": [
                  "::/0"
                ],
                "protocol": "tcp",
                "to_port": 443
              },
              {
                "cidr_list_aliases": [],
                "cidrs": [
                  "0.0.0.0/0"
                ],
                "from_port": 80,
                "ipv6_cidrs": [
                  "::/0"
                ],
                "protocol": "tcp",
                "to_port": 80
              }
            ]
          },
          "sensitive_attributes": [],
          "private": "bnVsbA==",
          "dependencies": [
            "aws_lightsail_instance.wordpress_instance"
          ]
        }
      ]
    },
    {
      "mode": "managed",
      "type": "aws_lightsail_static_ip",
      "name": "static_ip",
      "provider": "provider[\"registry.terraform.io/hashicorp/aws\"]",
      "instances": [
        {
          "schema_version": 0,
          "attributes": {
            "arn": "arn:aws:lightsail:us-east-1:078689321816:StaticIp/c3f146c7-ab4e-4168-8edd-7ba551d98943",
            "id": "WordPressInstanceTEST_ip",
            "ip_address": "35.168.115.136",
            "name": "WordPressInstanceTEST_ip",
            "support_code": "211125388073/35.168.115.136"
          },
          "sensitive_attributes": [],
          "private": "bnVsbA=="
        }
      ]
    },
    {
      "mode": "managed",
      "type": "aws_lightsail_static_ip_attachment",
      "name": "ip_attachment",
      "provider": "provider[\"registry.terraform.io/hashicorp/aws\"]",
      "instances": [
        {
          "schema_version": 0,
          "attributes": {
            "id": "WordPressInstanceTEST_ip",
            "instance_name": "WordPressInstanceTEST",
            "ip_address": "35.168.115.136",
            "static_ip_name": "WordPressInstanceTEST_ip"
          },
          "sensitive_attributes": [],
          "private": "bnVsbA==",
          "dependencies": [
            "aws_lightsail_instance.wordpress_instance",
            "aws_lightsail_static_ip.static_ip"
          ]
        }
      ]
    },
    {
      "mode": "managed",
      "type": "aws_route53_record",
      "name": "apex_DNS",
      "provider": "provider[\"registry.terraform.io/hashicorp/aws\"]",
      "instances": [
        {
          "schema_version": 2,
          "attributes": {
            "alias": [],
            "allow_overwrite": null,
            "cidr_routing_policy": [],
            "failover_routing_policy": [],
            "fqdn": "testdomain.com",
            "geolocation_routing_policy": [],
            "health_check_id": "",
            "id": "Z04407802ECX545GEBKA3_testdomain.com_A",
            "latency_routing_policy": [],
            "multivalue_answer_routing_policy": false,
            "name": "testdomain.com",
            "records": [
              "35.168.115.136"
            ],
            "set_identifier": "",
            "ttl": 300,
            "type": "A",
            "weighted_routing_policy": [],
            "zone_id": "Z04407802ECX545GEBKA3"
          },
          "sensitive_attributes": [],
          "private": "eyJzY2hlbWFfdmVyc2lvbiI6IjIifQ==",
          "dependencies": [
            "aws_lightsail_static_ip.static_ip",
            "aws_route53_zone.primary"
          ]
        }
      ]
    },
    {
      "mode": "managed",
      "type": "aws_route53_record",
      "name": "www_DNS",
      "provider": "provider[\"registry.terraform.io/hashicorp/aws\"]",
      "instances": [
        {
          "schema_version": 2,
          "attributes": {
            "alias": [],
            "allow_overwrite": null,
            "cidr_routing_policy": [],
            "failover_routing_policy": [],
            "fqdn": "www.testdomain.com",
            "geolocation_routing_policy": [],
            "health_check_id": "",
            "id": "Z04407802ECX545GEBKA3_www.testdomain.com_A",
            "latency_routing_policy": [],
            "multivalue_answer_routing_policy": false,
            "name": "www.testdomain.com",
            "records": [
              "35.168.115.136"
            ],
            "set_identifier": "",
            "ttl": 300,
            "type": "A",
            "weighted_routing_policy": [],
            "zone_id": "Z04407802ECX545GEBKA3"
          },
          "sensitive_attributes": [],
          "private": "eyJzY2hlbWFfdmVyc2lvbiI6IjIifQ==",
          "dependencies": [
            "aws_lightsail_static_ip.static_ip",
            "aws_route53_zone.primary"
          ]
        }
      ]
    },
    {
      "mode": "managed",
      "type": "aws_route53_zone",
      "name": "primary",
      "provider": "provider[\"registry.terraform.io/hashicorp/aws\"]",
      "instances": [
        {
          "schema_version": 0,
          "attributes": {
            "arn": "arn:aws:route53:::hostedzone/Z04407802ECX545GEBKA3",
            "comment": "Managed by Terraform",
            "delegation_set_id": "",
            "force_destroy": false,
            "id": "Z04407802ECX545GEBKA3",
            "name": "testdomain.com",
            "name_servers": [
              "ns-1313.awsdns-36.org",
              "ns-1669.awsdns-16.co.uk",
              "ns-397.awsdns-49.com",
              "ns-514.awsdns-00.net"
            ],
            "primary_name_server": "ns-397.awsdns-49.com",
            "tags": null,
            "tags_all": {},
            "vpc": [],
            "zone_id": "Z04407802ECX545GEBKA3"
          },
          "sensitive_attributes": [],
          "private": "bnVsbA=="
        }
      ]
    }
  ],
  "check_results": null
}
